
Microsoft Visual Studio Solution File, Format Version 12.00
# Visual Studio Version 17
VisualStudioVersion = 17.9.34723.18
MinimumVisualStudioVersion = 10.0.40219.1
Project("{FAE04EC0-301F-11D3-BF4B-00C04F79EFBC}") = "EncoderForms", "EncoderForms.csproj", "{42EE32B2-999F-4529-BEF7-0356079911EE}"
EndProject
Global
	GlobalSection(SolutionConfigurationPlatforms) = preSolution
		Debug|Any CPU = Debug|Any CPU
		Release|Any CPU = Release|Any CPU
	EndGlobalSection
	GlobalSection(ProjectConfigurationPlatforms) = postSolution
		{42EE32B2-999F-4529-BEF7-0356079911EE}.Debug|Any CPU.ActiveCfg = Debug|Any CPU
		{42EE32B2-999F-4529-BEF7-0356079911EE}.Debug|Any CPU.Build.0 = Debug|Any CPU
		{42EE32B2-999F-4529-BEF7-0356079911EE}.Release|Any CPU.ActiveCfg = Release|Any CPU
		{42EE32B2-999F-4529-BEF7-0356079911EE}.Release|Any CPU.Build.0 = Release|Any CPU
	EndGlobalSection
	GlobalSection(SolutionProperties) = preSolution
		HideSolutionNode = FALSE
	EndGlobalSection
	GlobalSection(ExtensibilityGlobals) = postSolution
		SolutionGuid = {D2A32EEE-31B6-434C-B264-54273E466E47}
	EndGlobalSection
EndGlobal
